// !$*UTF8*$!
{
	archiveVersion = 1;
	classes = {
	};
	objectVersion = 50;
	objects = {

/* Begin PBXBuildFile section */
		3B02312521973EA5004C2A40 /* GoogleService-Info.plist in Resources */ = {isa = PBXBuildFile; fileRef = 3B02312421973EA5004C2A40 /* GoogleService-Info.plist */; };
		3BAC6CE8219755AD00D3F266 /* Marmita.swift in Sources */ = {isa = PBXBuildFile; fileRef = 3BAC6CE7219755AD00D3F266 /* Marmita.swift */; };
		3BCAA37B21970B53008CEC1F /* AppDelegate.swift in Sources */ = {isa = PBXBuildFile; fileRef = 3BCAA37A21970B53008CEC1F /* AppDelegate.swift */; };
		3BCAA37D21970B53008CEC1F /* ViewController.swift in Sources */ = {isa = PBXBuildFile; fileRef = 3BCAA37C21970B53008CEC1F /* ViewController.swift */; };
		3BCAA38021970B53008CEC1F /* Main.storyboard in Resources */ = {isa = PBXBuildFile; fileRef = 3BCAA37E21970B53008CEC1F /* Main.storyboard */; };
		3BCAA38321970B53008CEC1F /* MarmiCop.xcdatamodeld in Sources */ = {isa = PBXBuildFile; fileRef = 3BCAA38121970B53008CEC1F /* MarmiCop.xcdatamodeld */; };
		3BCAA38521970B54008CEC1F /* Assets.xcassets in Resources */ = {isa = PBXBuildFile; fileRef = 3BCAA38421970B54008CEC1F /* Assets.xcassets */; };
		3BCAA38821970B54008CEC1F /* LaunchScreen.storyboard in Resources */ = {isa = PBXBuildFile; fileRef = 3BCAA38621970B54008CEC1F /* LaunchScreen.storyboard */; };
		3BCAA390219726C8008CEC1F /* UIColorExtensions.swift in Sources */ = {isa = PBXBuildFile; fileRef = 3BCAA38F219726C8008CEC1F /* UIColorExtensions.swift */; };
		753A5D29A7D2E2987294132D /* Pods_MarmiCop.framework in Frameworks */ = {isa = PBXBuildFile; fileRef = D6F2ED637E8A819A168B69AE /* Pods_MarmiCop.framework */; };
/* End PBXBuildFile section */

/* Begin PBXFileReference section */
		3B02312421973EA5004C2A40 /* GoogleService-Info.plist */ = {isa = PBXFileReference; fileEncoding = 4; lastKnownFileType = text.plist.xml; path = "GoogleService-Info.plist"; sourceTree = "<group>"; };
		3BAC6CE7219755AD00D3F266 /* Marmita.swift */ = {isa = PBXFileReference; lastKnownFileType = sourcecode.swift; path = Marmita.swift; sourceTree = "<group>"; };
		3BAC6CE9219773EB00D3F266 /* MarmiCop.entitlements */ = {isa = PBXFileReference; lastKnownFileType = text.plist.entitlements; path = MarmiCop.entitlements; sourceTree = "<group>"; };
		3BCAA37721970B53008CEC1F /* MarmiCop.app */ = {isa = PBXFileReference; explicitFileType = wrapper.application; includeInIndex = 0; path = MarmiCop.app; sourceTree = BUILT_PRODUCTS_DIR; };
		3BCAA37A21970B53008CEC1F /* AppDelegate.swift */ = {isa = PBXFileReference; lastKnownFileType = sourcecode.swift; path = AppDelegate.swift; sourceTree = "<group>"; };
		3BCAA37C21970B53008CEC1F /* ViewController.swift */ = {isa = PBXFileReference; lastKnownFileType = sourcecode.swift; path = ViewController.swift; sourceTree = "<group>"; };
		3BCAA37F21970B53008CEC1F /* Base */ = {isa = PBXFileReference; lastKnownFileType = file.storyboard; name = Base; path = Base.lproj/Main.storyboard; sourceTree = "<group>"; };
		3BCAA38221970B53008CEC1F /* MarmiCop.xcdatamodel */ = {isa = PBXFileReference; lastKnownFileType = wrapper.xcdatamodel; path = MarmiCop.xcdatamodel; sourceTree = "<group>"; };
		3BCAA38421970B54008CEC1F /* Assets.xcassets */ = {isa = PBXFileReference; lastKnownFileType = folder.assetcatalog; path = Assets.xcassets; sourceTree = "<group>"; };
		3BCAA38721970B54008CEC1F /* Base */ = {isa = PBXFileReference; lastKnownFileType = file.storyboard; name = Base; path = Base.lproj/LaunchScreen.storyboard; sourceTree = "<group>"; };
		3BCAA38921970B54008CEC1F /* Info.plist */ = {isa = PBXFileReference; lastKnownFileType = text.plist.xml; path = Info.plist; sourceTree = "<group>"; };
		3BCAA38F219726C8008CEC1F /* UIColorExtensions.swift */ = {isa = PBXFileReference; lastKnownFileType = sourcecode.swift; path = UIColorExtensions.swift; sourceTree = "<group>"; };
		85758D152F2ABB24BFDEF91A /* Pods-MarmiCop.debug.xcconfig */ = {isa = PBXFileReference; includeInIndex = 1; lastKnownFileType = text.xcconfig; name = "Pods-MarmiCop.debug.xcconfig"; path = "Pods/Target Support Files/Pods-MarmiCop/Pods-MarmiCop.debug.xcconfig"; sourceTree = "<group>"; };
		939CE56A39EECF34937CD6C7 /* Pods-MarmiCop.release.xcconfig */ = {isa = PBXFileReference; includeInIndex = 1; lastKnownFileType = text.xcconfig; name = "Pods-MarmiCop.release.xcconfig"; path = "Pods/Target Support Files/Pods-MarmiCop/Pods-MarmiCop.release.xcconfig"; sourceTree = "<group>"; };
		D6F2ED637E8A819A168B69AE /* Pods_MarmiCop.framework */ = {isa = PBXFileReference; explicitFileType = wrapper.framework; includeInIndex = 0; path = Pods_MarmiCop.framework; sourceTree = BUILT_PRODUCTS_DIR; };
/* End PBXFileReference section */

/* Begin PBXFrameworksBuildPhase section */
		3BCAA37421970B53008CEC1F /* Frameworks */ = {
			isa = PBXFrameworksBuildPhase;
			buildActionMask = 2147483647;
			files = (
				753A5D29A7D2E2987294132D /* Pods_MarmiCop.framework in Frameworks */,
			);
			runOnlyForDeploymentPostprocessing = 0;
		};
/* End PBXFrameworksBuildPhase section */

/* Begin PBXGroup section */
		2E69C6323DBE1D7E77E9731F /* Pods */ = {
			isa = PBXGroup;
			children = (
				85758D152F2ABB24BFDEF91A /* Pods-MarmiCop.debug.xcconfig */,
				939CE56A39EECF34937CD6C7 /* Pods-MarmiCop.release.xcconfig */,
			);
			name = Pods;
			sourceTree = "<group>";
		};
		3BCAA36E21970B53008CEC1F = {
			isa = PBXGroup;
			children = (
				3BCAA37921970B53008CEC1F /* MarmiCop */,
				3BCAA37821970B53008CEC1F /* Products */,
				2E69C6323DBE1D7E77E9731F /* Pods */,
				EB045B14E5B2E0D987C7279B /* Frameworks */,
			);
			sourceTree = "<group>";
		};
		3BCAA37821970B53008CEC1F /* Products */ = {
			isa = PBXGroup;
			children = (
				3BCAA37721970B53008CEC1F /* MarmiCop.app */,
			);
			name = Products;
			sourceTree = "<group>";
		};
		3BCAA37921970B53008CEC1F /* MarmiCop */ = {
			isa = PBXGroup;
			children = (
				3BAC6CE9219773EB00D3F266 /* MarmiCop.entitlements */,
				3BCAA37A21970B53008CEC1F /* AppDelegate.swift */,
				3BCAA37C21970B53008CEC1F /* ViewController.swift */,
				3BAC6CE7219755AD00D3F266 /* Marmita.swift */,
				3BCAA37E21970B53008CEC1F /* Main.storyboard */,
				3BCAA38421970B54008CEC1F /* Assets.xcassets */,
				3BCAA38621970B54008CEC1F /* LaunchScreen.storyboard */,
				3BCAA38921970B54008CEC1F /* Info.plist */,
				3BCAA38121970B53008CEC1F /* MarmiCop.xcdatamodeld */,
				3BCAA38F219726C8008CEC1F /* UIColorExtensions.swift */,
				3B02312421973EA5004C2A40 /* GoogleService-Info.plist */,
			);
			path = MarmiCop;
			sourceTree = "<group>";
		};
		EB045B14E5B2E0D987C7279B /* Frameworks */ = {
			isa = PBXGroup;
			children = (
				D6F2ED637E8A819A168B69AE /* Pods_MarmiCop.framework */,
			);
			name = Frameworks;
			sourceTree = "<group>";
		};
/* End PBXGroup section */

/* Begin PBXNativeTarget section */
		3BCAA37621970B53008CEC1F /* MarmiCop */ = {
			isa = PBXNativeTarget;
			buildConfigurationList = 3BCAA38C21970B54008CEC1F /* Build configuration list for PBXNativeTarget "MarmiCop" */;
			buildPhases = (
				67940EA40E356B4BB3B5D3D9 /* [CP] Check Pods Manifest.lock */,
				3BCAA37321970B53008CEC1F /* Sources */,
				3BCAA37421970B53008CEC1F /* Frameworks */,
				3BCAA37521970B53008CEC1F /* Resources */,
				7B80BFF453E02D69984F815C /* [CP] Embed Pods Frameworks */,
			);
			buildRules = (
			);
			dependencies = (
			);
			name = MarmiCop;
			productName = MarmiCop;
			productReference = 3BCAA37721970B53008CEC1F /* MarmiCop.app */;
			productType = "com.apple.product-type.application";
		};
/* End PBXNativeTarget section */

/* Begin PBXProject section */
		3BCAA36F21970B53008CEC1F /* Project object */ = {
			isa = PBXProject;
			attributes = {
				LastSwiftUpdateCheck = 1000;
				LastUpgradeCheck = 1000;
				ORGANIZATIONNAME = "Alisson Selistre";
				TargetAttributes = {
					3BCAA37621970B53008CEC1F = {
						CreatedOnToolsVersion = 10.0;
						SystemCapabilities = {
							com.apple.Push = {
								enabled = 1;
							};
						};
					};
				};
			};
			buildConfigurationList = 3BCAA37221970B53008CEC1F /* Build configuration list for PBXProject "MarmiCop" */;
			compatibilityVersion = "Xcode 9.3";
			developmentRegion = en;
			hasScannedForEncodings = 0;
			knownRegions = (
				en,
				Base,
			);
			mainGroup = 3BCAA36E21970B53008CEC1F;
			productRefGroup = 3BCAA37821970B53008CEC1F /* Products */;
			projectDirPath = "";
			projectRoot = "";
			targets = (
				3BCAA37621970B53008CEC1F /* MarmiCop */,
			);
		};
/* End PBXProject section */

/* Begin PBXResourcesBuildPhase section */
		3BCAA37521970B53008CEC1F /* Resources */ = {
			isa = PBXResourcesBuildPhase;
			buildActionMask = 2147483647;
			files = (
				3BCAA38821970B54008CEC1F /* LaunchScreen.storyboard in Resources */,
				3B02312521973EA5004C2A40 /* GoogleService-Info.plist in Resources */,
				3BCAA38521970B54008CEC1F /* Assets.xcassets in Resources */,
				3BCAA38021970B53008CEC1F /* Main.storyboard in Resources */,
			);
			runOnlyForDeploymentPostprocessing = 0;
		};
/* End PBXResourcesBuildPhase section */

/* Begin PBXShellScriptBuildPhase section */
		67940EA40E356B4BB3B5D3D9 /* [CP] Check Pods Manifest.lock */ = {
			isa = PBXShellScriptBuildPhase;
			buildActionMask = 2147483647;
			files = (
			);
			inputFileListPaths = (
			);
			inputPaths = (
				"${PODS_PODFILE_DIR_PATH}/Podfile.lock",
				"${PODS_ROOT}/Manifest.lock",
			);
			name = "[CP] Check Pods Manifest.lock";
			outputFileListPaths = (
			);
			outputPaths = (
				"$(DERIVED_FILE_DIR)/Pods-MarmiCop-checkManifestLockResult.txt",
			);
			runOnlyForDeploymentPostprocessing = 0;
			shellPath = /bin/sh;
			shellScript = "diff \"${PODS_PODFILE_DIR_PATH}/Podfile.lock\" \"${PODS_ROOT}/Manifest.lock\" > /dev/null\nif [ $? != 0 ] ; then\n    # print error to STDERR\n    echo \"error: The sandbox is not in sync with the Podfile.lock. Run 'pod install' or update your CocoaPods installation.\" >&2\n    exit 1\nfi\n# This output is used by Xcode 'outputs' to avoid re-running this script phase.\necho \"SUCCESS\" > \"${SCRIPT_OUTPUT_FILE_0}\"\n";
			showEnvVarsInLog = 0;
		};
		7B80BFF453E02D69984F815C /* [CP] Embed Pods Frameworks */ = {
			isa = PBXShellScriptBuildPhase;
			buildActionMask = 2147483647;
			files = (
			);
			inputFileListPaths = (
			);
			inputPaths = (
				"${SRCROOT}/Pods/Target Support Files/Pods-MarmiCop/Pods-MarmiCop-frameworks.sh",
				"${BUILT_PRODUCTS_DIR}/BoringSSL/openssl.framework",
				"${BUILT_PRODUCTS_DIR}/GoogleUtilities/GoogleUtilities.framework",
				"${BUILT_PRODUCTS_DIR}/Protobuf/Protobuf.framework",
				"${BUILT_PRODUCTS_DIR}/gRPC/GRPCClient.framework",
				"${BUILT_PRODUCTS_DIR}/gRPC-C++/grpcpp.framework",
				"${BUILT_PRODUCTS_DIR}/gRPC-Core/grpc.framework",
				"${BUILT_PRODUCTS_DIR}/gRPC-ProtoRPC/ProtoRPC.framework",
				"${BUILT_PRODUCTS_DIR}/gRPC-RxLibrary/RxLibrary.framework",
				"${BUILT_PRODUCTS_DIR}/leveldb-library/leveldb.framework",
				"${BUILT_PRODUCTS_DIR}/nanopb/nanopb.framework",
			);
			name = "[CP] Embed Pods Frameworks";
			outputFileListPaths = (
			);
			outputPaths = (
				"${TARGET_BUILD_DIR}/${FRAMEWORKS_FOLDER_PATH}/openssl.framework",
				"${TARGET_BUILD_DIR}/${FRAMEWORKS_FOLDER_PATH}/GoogleUtilities.framework",
				"${TARGET_BUILD_DIR}/${FRAMEWORKS_FOLDER_PATH}/Protobuf.framework",
				"${TARGET_BUILD_DIR}/${FRAMEWORKS_FOLDER_PATH}/GRPCClient.framework",
				"${TARGET_BUILD_DIR}/${FRAMEWORKS_FOLDER_PATH}/grpcpp.framework",
				"${TARGET_BUILD_DIR}/${FRAMEWORKS_FOLDER_PATH}/grpc.framework",
				"${TARGET_BUILD_DIR}/${FRAMEWORKS_FOLDER_PATH}/ProtoRPC.framework",
				"${TARGET_BUILD_DIR}/${FRAMEWORKS_FOLDER_PATH}/RxLibrary.framework",
				"${TARGET_BUILD_DIR}/${FRAMEWORKS_FOLDER_PATH}/leveldb.framework",
				"${TARGET_BUILD_DIR}/${FRAMEWORKS_FOLDER_PATH}/nanopb.framework",
			);
			runOnlyForDeploymentPostprocessing = 0;
			shellPath = /bin/sh;
			shellScript = "\"${SRCROOT}/Pods/Target Support Files/Pods-MarmiCop/Pods-MarmiCop-frameworks.sh\"\n";
			showEnvVarsInLog = 0;
		};
/* End PBXShellScriptBuildPhase section */

/* Begin PBXSourcesBuildPhase section */
		3BCAA37321970B53008CEC1F /* Sources */ = {
			isa = PBXSourcesBuildPhase;
			buildActionMask = 2147483647;
			files = (
				3BAC6CE8219755AD00D3F266 /* Marmita.swift in Sources */,
				3BCAA37D21970B53008CEC1F /* ViewController.swift in Sources */,
				3BCAA37B21970B53008CEC1F /* AppDelegate.swift in Sources */,
				3BCAA38321970B53008CEC1F /* MarmiCop.xcdatamodeld in Sources */,
				3BCAA390219726C8008CEC1F /* UIColorExtensions.swift in Sources */,
			);
			runOnlyForDeploymentPostprocessing = 0;
		};
/* End PBXSourcesBuildPhase section */

/* Begin PBXVariantGroup section */
		3BCAA37E21970B53008CEC1F /* Main.storyboard */ = {
			isa = PBXVariantGroup;
			children = (
				3BCAA37F21970B53008CEC1F /* Base */,
			);
			name = Main.storyboard;
			sourceTree = "<group>";
		};
		3BCAA38621970B54008CEC1F /* LaunchScreen.storyboard */ = {
			isa = PBXVariantGroup;
			children = (
				3BCAA38721970B54008CEC1F /* Base */,
			);
			name = LaunchScreen.storyboard;
			sourceTree = "<group>";
		};
/* End PBXVariantGroup section */

/* Begin XCBuildConfiguration section */
		3BCAA38A21970B54008CEC1F /* Debug */ = {
			isa = XCBuildConfiguration;
			buildSettings = {
				ALWAYS_SEARCH_USER_PATHS = NO;
				CLANG_ANALYZER_NONNULL = YES;
				CLANG_ANALYZER_NUMBER_OBJECT_CONVERSION = YES_AGGRESSIVE;
				CLANG_CXX_LANGUAGE_STANDARD = "gnu++14";
				CLANG_CXX_LIBRARY = "libc++";
				CLANG_ENABLE_MODULES = YES;
				CLANG_ENABLE_OBJC_ARC = YES;
				CLANG_ENABLE_OBJC_WEAK = YES;
				CLANG_WARN_BLOCK_CAPTURE_AUTORELEASING = YES;
				CLANG_WARN_BOOL_CONVERSION = YES;
				CLANG_WARN_COMMA = YES;
				CLANG_WARN_CONSTANT_CONVERSION = YES;
				CLANG_WARN_DEPRECATED_OBJC_IMPLEMENTATIONS = YES;
				CLANG_WARN_DIRECT_OBJC_ISA_USAGE = YES_ERROR;
				CLANG_WARN_DOCUMENTATION_COMMENTS = YES;
				CLANG_WARN_EMPTY_BODY = YES;
				CLANG_WARN_ENUM_CONVERSION = YES;
				CLANG_WARN_INFINITE_RECURSION = YES;
				CLANG_WARN_INT_CONVERSION = YES;
				CLANG_WARN_NON_LITERAL_NULL_CONVERSION = YES;
				CLANG_WARN_OBJC_IMPLICIT_RETAIN_SELF = YES;
				CLANG_WARN_OBJC_LITERAL_CONVERSION = YES;
				CLANG_WARN_OBJC_ROOT_CLASS = YES_ERROR;
				CLANG_WARN_RANGE_LOOP_ANALYSIS = YES;
				CLANG_WARN_STRICT_PROTOTYPES = YES;
				CLANG_WARN_SUSPICIOUS_MOVE = YES;
				CLANG_WARN_UNGUARDED_AVAILABILITY = YES_AGGRESSIVE;
				CLANG_WARN_UNREACHABLE_CODE = YES;
				CLANG_WARN__DUPLICATE_METHOD_MATCH = YES;
				CODE_SIGN_IDENTITY = "iPhone Developer";
				COPY_PHASE_STRIP = NO;
				DEBUG_INFORMATION_FORMAT = dwarf;
				ENABLE_STRICT_OBJC_MSGSEND = YES;
				ENABLE_TESTABILITY = YES;
				GCC_C_LANGUAGE_STANDARD = gnu11;
				GCC_DYNAMIC_NO_PIC = NO;
				GCC_NO_COMMON_BLOCKS = YES;
				GCC_OPTIMIZATION_LEVEL = 0;
				GCC_PREPROCESSOR_DEFINITIONS = (
					"DEBUG=1",
					"$(inherited)",
				);
				GCC_WARN_64_TO_32_BIT_CONVERSION = YES;
				GCC_WARN_ABOUT_RETURN_TYPE = YES_ERROR;
				GCC_WARN_UNDECLARED_SELECTOR = YES;
				GCC_WARN_UNINITIALIZED_AUTOS = YES_AGGRESSIVE;
				GCC_WARN_UNUSED_FUNCTION = YES;
				GCC_WARN_UNUSED_VARIABLE = YES;
				IPHONEOS_DEPLOYMENT_TARGET = 12.0;
				MTL_ENABLE_DEBUG_INFO = INCLUDE_SOURCE;
				MTL_FAST_MATH = YES;
				ONLY_ACTIVE_ARCH = YES;
				SDKROOT = iphoneos;
				SWIFT_ACTIVE_COMPILATION_CONDITIONS = DEBUG;
				SWIFT_OPTIMIZATION_LEVEL = "-Onone";
			};
			name = Debug;
		};
		3BCAA38B21970B54008CEC1F /* Release */ = {
			isa = XCBuildConfiguration;
			buildSettings = {
				ALWAYS_SEARCH_USER_PATHS = NO;
				CLANG_ANALYZER_NONNULL = YES;
				CLANG_ANALYZER_NUMBER_OBJECT_CONVERSION = YES_AGGRESSIVE;
				CLANG_CXX_LANGUAGE_STANDARD = "gnu++14";
				CLANG_CXX_LIBRARY = "libc++";
				CLANG_ENABLE_MODULES = YES;
				CLANG_ENABLE_OBJC_ARC = YES;
				CLANG_ENABLE_OBJC_WEAK = YES;
				CLANG_WARN_BLOCK_CAPTURE_AUTORELEASING = YES;
				CLANG_WARN_BOOL_CONVERSION = YES;
				CLANG_WARN_COMMA = YES;
				CLANG_WARN_CONSTANT_CONVERSION = YES;
				CLANG_WARN_DEPRECATED_OBJC_IMPLEMENTATIONS = YES;
				CLANG_WARN_DIRECT_OBJC_ISA_USAGE = YES_ERROR;
				CLANG_WARN_DOCUMENTATION_COMMENTS = YES;
				CLANG_WARN_EMPTY_BODY = YES;
				CLANG_WARN_ENUM_CONVERSION = YES;
				CLANG_WARN_INFINITE_RECURSION = YES;
				CLANG_WARN_INT_CONVERSION = YES;
				CLANG_WARN_NON_LITERAL_NULL_CONVERSION = YES;
				CLANG_WARN_OBJC_IMPLICIT_RETAIN_SELF = YES;
				CLANG_WARN_OBJC_LITERAL_CONVERSION = YES;
				CLANG_WARN_OBJC_ROOT_CLASS = YES_ERROR;
				CLANG_WARN_RANGE_LOOP_ANALYSIS = YES;
				CLANG_WARN_STRICT_PROTOTYPES = YES;
				CLANG_WARN_SUSPICIOUS_MOVE = YES;
				CLANG_WARN_UNGUARDED_AVAILABILITY = YES_AGGRESSIVE;
				CLANG_WARN_UNREACHABLE_CODE = YES;
				CLANG_WARN__DUPLICATE_METHOD_MATCH = YES;
				CODE_SIGN_IDENTITY = "iPhone Developer";
				COPY_PHASE_STRIP = NO;
				DEBUG_INFORMATION_FORMAT = "dwarf-with-dsym";
				ENABLE_NS_ASSERTIONS = NO;
				ENABLE_STRICT_OBJC_MSGSEND = YES;
				GCC_C_LANGUAGE_STANDARD = gnu11;
				GCC_NO_COMMON_BLOCKS = YES;
				GCC_WARN_64_TO_32_BIT_CONVERSION = YES;
				GCC_WARN_ABOUT_RETURN_TYPE = YES_ERROR;
				GCC_WARN_UNDECLARED_SELECTOR = YES;
				GCC_WARN_UNINITIALIZED_AUTOS = YES_AGGRESSIVE;
				GCC_WARN_UNUSED_FUNCTION = YES;
				GCC_WARN_UNUSED_VARIABLE = YES;
				IPHONEOS_DEPLOYMENT_TARGET = 12.0;
				MTL_ENABLE_DEBUG_INFO = NO;
				MTL_FAST_MATH = YES;
				SDKROOT = iphoneos;
				SWIFT_COMPILATION_MODE = wholemodule;
				SWIFT_OPTIMIZATION_LEVEL = "-O";
				VALIDATE_PRODUCT = YES;
			};
			name = Release;
		};
		3BCAA38D21970B54008CEC1F /* Debug */ = {
			isa = XCBuildConfiguration;
			baseConfigurationReference = 85758D152F2ABB24BFDEF91A /* Pods-MarmiCop.debug.xcconfig */;
			buildSettings = {
				ASSETCATALOG_COMPILER_APPICON_NAME = AppIcon;
				CODE_SIGN_ENTITLEMENTS = MarmiCop/MarmiCop.entitlements;
				CODE_SIGN_STYLE = Automatic;
				DEVELOPMENT_TEAM = 5EUEY3M354;
				INFOPLIST_FILE = MarmiCop/Info.plist;
				IPHONEOS_DEPLOYMENT_TARGET = 10.0;
				LD_RUNPATH_SEARCH_PATHS = (
					"$(inherited)",
					"@executable_path/Frameworks",
				);
				PRODUCT_BUNDLE_IDENTIFIER = com.alissonselistre.MarmiCop;
				PRODUCT_NAME = "$(TARGET_NAME)";
				SWIFT_VERSION = 4.2;
				TARGETED_DEVICE_FAMILY = "1,2";
			};
			name = Debug;
		};
		3BCAA38E21970B54008CEC1F /* Release */ = {
			isa = XCBuildConfiguration;
			baseConfigurationReference = 939CE56A39EECF34937CD6C7 /* Pods-MarmiCop.release.xcconfig */;
			buildSettings = {
				ASSETCATALOG_COMPILER_APPICON_NAME = AppIcon;
				CODE_SIGN_ENTITLEMENTS = MarmiCop/MarmiCop.entitlements;
				CODE_SIGN_STYLE = Automatic;
				DEVELOPMENT_TEAM = 5EUEY3M354;
				INFOPLIST_FILE = MarmiCop/Info.plist;
				IPHONEOS_DEPLOYMENT_TARGET = 10.0;
				LD_RUNPATH_SEARCH_PATHS = (
					"$(inherited)",
					"@executable_path/Frameworks",
				);
				PRODUCT_BUNDLE_IDENTIFIER = com.alissonselistre.MarmiCop;
				PRODUCT_NAME = "$(TARGET_NAME)";
				SWIFT_VERSION = 4.2;
				TARGETED_DEVICE_FAMILY = "1,2";
			};
			name = Release;
		};
/* End XCBuildConfiguration section */

/* Begin XCConfigurationList section */
		3BCAA37221970B53008CEC1F /* Build configuration list for PBXProject "MarmiCop" */ = {
			isa = XCConfigurationList;
			buildConfigurations = (
				3BCAA38A21970B54008CEC1F /* Debug */,
				3BCAA38B21970B54008CEC1F /* Release */,
			);
			defaultConfigurationIsVisible = 0;
			defaultConfigurationName = Release;
		};
		3BCAA38C21970B54008CEC1F /* Build configuration list for PBXNativeTarget "MarmiCop" */ = {
			isa = XCConfigurationList;
			buildConfigurations = (
				3BCAA38D21970B54008CEC1F /* Debug */,
				3BCAA38E21970B54008CEC1F /* Release */,
			);
			defaultConfigurationIsVisible = 0;
			defaultConfigurationName = Release;
		};
/* End XCConfigurationList section */

/* Begin XCVersionGroup section */
		3BCAA38121970B53008CEC1F /* MarmiCop.xcdatamodeld */ = {
			isa = XCVersionGroup;
			children = (
				3BCAA38221970B53008CEC1F /* MarmiCop.xcdatamodel */,
			);
			currentVersion = 3BCAA38221970B53008CEC1F /* MarmiCop.xcdatamodel */;
			path = MarmiCop.xcdatamodeld;
			sourceTree = "<group>";
			versionGroupType = wrapper.xcdatamodel;
		};
/* End XCVersionGroup section */
	};
	rootObject = 3BCAA36F21970B53008CEC1F /* Project object */;
}
